
Microsoft Visual Studio Solution File, Format Version 12.00
# Visual Studio Version 17
VisualStudioVersion = 17.14.36414.22 d17.14
MinimumVisualStudioVersion = 10.0.40219.1
Project("{FAE04EC0-301F-11D3-BF4B-00C04F79EFBC}") = "UnitOfWork", "UnitOfWork\UnitOfWork.csproj", "{8488EE3E-7D86-4724-ABED-711CC7BBB563}"
EndProject
Global
	GlobalSection(SolutionConfigurationPlatforms) = preSolution
		Debug|Any CPU = Debug|Any CPU
		Release|Any CPU = Release|Any CPU
	EndGlobalSection
	GlobalSection(ProjectConfigurationPlatforms) = postSolution
		{8488EE3E-7D86-4724-ABED-711CC7BBB563}.Debug|Any CPU.ActiveCfg = Debug|Any CPU
		{8488EE3E-7D86-4724-ABED-711CC7BBB563}.Debug|Any CPU.Build.0 = Debug|Any CPU
		{8488EE3E-7D86-4724-ABED-711CC7BBB563}.Release|Any CPU.ActiveCfg = Release|Any CPU
		{8488EE3E-7D86-4724-ABED-711CC7BBB563}.Release|Any CPU.Build.0 = Release|Any CPU
	EndGlobalSection
	GlobalSection(SolutionProperties) = preSolution
		HideSolutionNode = FALSE
	EndGlobalSection
	GlobalSection(ExtensibilityGlobals) = postSolution
		SolutionGuid = {FE026D43-1368-4B9E-A9C6-7E46D2AEE970}
	EndGlobalSection
EndGlobal
